// !$*UTF8*$!
{
	archiveVersion = 1;
	classes = {
	};
	objectVersion = 46;
	objects = {

/* Begin PBXBuildFile section */
		04E270231F452DE7000615F7 /* 12.使用AVPlayer定制播放视频控件_1.mp4 in Resources */ = {isa = PBXBuildFile; fileRef = 04E270221F452DE7000615F7 /* 12.使用AVPlayer定制播放视频控件_1.mp4 */; };
		04E7B8211F44106A00A4FDDE /* CustomPlayerView.swift in Sources */ = {isa = PBXBuildFile; fileRef = 04E7B8201F44106A00A4FDDE /* CustomPlayerView.swift */; };
		04E7B8231F441A5E00A4FDDE /* CustomViewController.swift in Sources */ = {isa = PBXBuildFile; fileRef = 04E7B8221F441A5E00A4FDDE /* CustomViewController.swift */; };
		04E7B8251F4435F000A4FDDE /* CALayerAnimExstension.swift in Sources */ = {isa = PBXBuildFile; fileRef = 04E7B8241F4435F000A4FDDE /* CALayerAnimExstension.swift */; };
		04EB1F651F4185AF00067917 /* AppDelegate.swift in Sources */ = {isa = PBXBuildFile; fileRef = 04EB1F641F4185AF00067917 /* AppDelegate.swift */; };
		04EB1F671F4185AF00067917 /* ViewController.swift in Sources */ = {isa = PBXBuildFile; fileRef = 04EB1F661F4185AF00067917 /* ViewController.swift */; };
		04EB1F6A1F4185AF00067917 /* Main.storyboard in Resources */ = {isa = PBXBuildFile; fileRef = 04EB1F681F4185AF00067917 /* Main.storyboard */; };
		04EB1F6C1F4185AF00067917 /* Assets.xcassets in Resources */ = {isa = PBXBuildFile; fileRef = 04EB1F6B1F4185AF00067917 /* Assets.xcassets */; };
		04EB1F6F1F4185AF00067917 /* LaunchScreen.storyboard in Resources */ = {isa = PBXBuildFile; fileRef = 04EB1F6D1F4185AF00067917 /* LaunchScreen.storyboard */; };
		04EB1F7A1F4185AF00067917 /* Swift_Media_DemoTests.swift in Sources */ = {isa = PBXBuildFile; fileRef = 04EB1F791F4185AF00067917 /* Swift_Media_DemoTests.swift */; };
		04EB1F851F4185AF00067917 /* Swift_Media_DemoUITests.swift in Sources */ = {isa = PBXBuildFile; fileRef = 04EB1F841F4185AF00067917 /* Swift_Media_DemoUITests.swift */; };
/* End PBXBuildFile section */

/* Begin PBXContainerItemProxy section */
		04EB1F761F4185AF00067917 /* PBXContainerItemProxy */ = {
			isa = PBXContainerItemProxy;
			containerPortal = 04EB1F591F4185AF00067917 /* Project object */;
			proxyType = 1;
			remoteGlobalIDString = 04EB1F601F4185AF00067917;
			remoteInfo = Swift_Media_Demo;
		};
		04EB1F811F4185AF00067917 /* PBXContainerItemProxy */ = {
			isa = PBXContainerItemProxy;
			containerPortal = 04EB1F591F4185AF00067917 /* Project object */;
			proxyType = 1;
			remoteGlobalIDString = 04EB1F601F4185AF00067917;
			remoteInfo = Swift_Media_Demo;
		};
/* End PBXContainerItemProxy section */

/* Begin PBXFileReference section */
		04E270221F452DE7000615F7 /* 12.使用AVPlayer定制播放视频控件_1.mp4 */ = {isa = PBXFileReference; lastKnownFileType = file; name = "12.使用AVPlayer定制播放视频控件_1.mp4"; path = "../../../../../../Downloads/学习/ios/麦子学院安卓IOS/免压缩版/第三阶段：玩转网络/iOS多媒体编程/12.使用AVPlayer定制播放视频控件_1.mp4"; sourceTree = "<group>"; };
		04E7B8201F44106A00A4FDDE /* CustomPlayerView.swift */ = {isa = PBXFileReference; fileEncoding = 4; lastKnownFileType = sourcecode.swift; path = CustomPlayerView.swift; sourceTree = "<group>"; };
		04E7B8221F441A5E00A4FDDE /* CustomViewController.swift */ = {isa = PBXFileReference; fileEncoding = 4; lastKnownFileType = sourcecode.swift; path = CustomViewController.swift; sourceTree = "<group>"; };
		04E7B8241F4435F000A4FDDE /* CALayerAnimExstension.swift */ = {isa = PBXFileReference; fileEncoding = 4; lastKnownFileType = sourcecode.swift; path = CALayerAnimExstension.swift; sourceTree = "<group>"; };
		04EB1F611F4185AF00067917 /* Swift_Media_Demo.app */ = {isa = PBXFileReference; explicitFileType = wrapper.application; includeInIndex = 0; path = Swift_Media_Demo.app; sourceTree = BUILT_PRODUCTS_DIR; };
		04EB1F641F4185AF00067917 /* AppDelegate.swift */ = {isa = PBXFileReference; lastKnownFileType = sourcecode.swift; path = AppDelegate.swift; sourceTree = "<group>"; };
		04EB1F661F4185AF00067917 /* ViewController.swift */ = {isa = PBXFileReference; lastKnownFileType = sourcecode.swift; path = ViewController.swift; sourceTree = "<group>"; };
		04EB1F691F4185AF00067917 /* Base */ = {isa = PBXFileReference; lastKnownFileType = file.storyboard; name = Base; path = Base.lproj/Main.storyboard; sourceTree = "<group>"; };
		04EB1F6B1F4185AF00067917 /* Assets.xcassets */ = {isa = PBXFileReference; lastKnownFileType = folder.assetcatalog; path = Assets.xcassets; sourceTree = "<group>"; };
		04EB1F6E1F4185AF00067917 /* Base */ = {isa = PBXFileReference; lastKnownFileType = file.storyboard; name = Base; path = Base.lproj/LaunchScreen.storyboard; sourceTree = "<group>"; };
		04EB1F701F4185AF00067917 /* Info.plist */ = {isa = PBXFileReference; lastKnownFileType = text.plist.xml; path = Info.plist; sourceTree = "<group>"; };
		04EB1F751F4185AF00067917 /* Swift_Media_DemoTests.xctest */ = {isa = PBXFileReference; explicitFileType = wrapper.cfbundle; includeInIndex = 0; path = Swift_Media_DemoTests.xctest; sourceTree = BUILT_PRODUCTS_DIR; };
		04EB1F791F4185AF00067917 /* Swift_Media_DemoTests.swift */ = {isa = PBXFileReference; lastKnownFileType = sourcecode.swift; path = Swift_Media_DemoTests.swift; sourceTree = "<group>"; };
		04EB1F7B1F4185AF00067917 /* Info.plist */ = {isa = PBXFileReference; lastKnownFileType = text.plist.xml; path = Info.plist; sourceTree = "<group>"; };
		04EB1F801F4185AF00067917 /* Swift_Media_DemoUITests.xctest */ = {isa = PBXFileReference; explicitFileType = wrapper.cfbundle; includeInIndex = 0; path = Swift_Media_DemoUITests.xctest; sourceTree = BUILT_PRODUCTS_DIR; };
		04EB1F841F4185AF00067917 /* Swift_Media_DemoUITests.swift */ = {isa = PBXFileReference; lastKnownFileType = sourcecode.swift; path = Swift_Media_DemoUITests.swift; sourceTree = "<group>"; };
		04EB1F861F4185AF00067917 /* Info.plist */ = {isa = PBXFileReference; lastKnownFileType = text.plist.xml; path = Info.plist; sourceTree = "<group>"; };
/* End PBXFileReference section */

/* Begin PBXFrameworksBuildPhase section */
		04EB1F5E1F4185AF00067917 /* Frameworks */ = {
			isa = PBXFrameworksBuildPhase;
			buildActionMask = 2147483647;
			files = (
			);
			runOnlyForDeploymentPostprocessing = 0;
		};
		04EB1F721F4185AF00067917 /* Frameworks */ = {
			isa = PBXFrameworksBuildPhase;
			buildActionMask = 2147483647;
			files = (
			);
			runOnlyForDeploymentPostprocessing = 0;
		};
		04EB1F7D1F4185AF00067917 /* Frameworks */ = {
			isa = PBXFrameworksBuildPhase;
			buildActionMask = 2147483647;
			files = (
			);
			runOnlyForDeploymentPostprocessing = 0;
		};
/* End PBXFrameworksBuildPhase section */

/* Begin PBXGroup section */
		04E270211F452DCC000615F7 /* resource */ = {
			isa = PBXGroup;
			children = (
				04E270221F452DE7000615F7 /* 12.使用AVPlayer定制播放视频控件_1.mp4 */,
			);
			name = resource;
			sourceTree = "<group>";
		};
		04E7B81F1F44103A00A4FDDE /* widget */ = {
			isa = PBXGroup;
			children = (
				04E7B8201F44106A00A4FDDE /* CustomPlayerView.swift */,
				04E7B8241F4435F000A4FDDE /* CALayerAnimExstension.swift */,
			);
			name = widget;
			sourceTree = "<group>";
		};
		04EB1F581F4185AF00067917 = {
			isa = PBXGroup;
			children = (
				04EB1F631F4185AF00067917 /* Swift_Media_Demo */,
				04EB1F781F4185AF00067917 /* Swift_Media_DemoTests */,
				04EB1F831F4185AF00067917 /* Swift_Media_DemoUITests */,
				04EB1F621F4185AF00067917 /* Products */,
			);
			sourceTree = "<group>";
		};
		04EB1F621F4185AF00067917 /* Products */ = {
			isa = PBXGroup;
			children = (
				04EB1F611F4185AF00067917 /* Swift_Media_Demo.app */,
				04EB1F751F4185AF00067917 /* Swift_Media_DemoTests.xctest */,
				04EB1F801F4185AF00067917 /* Swift_Media_DemoUITests.xctest */,
			);
			name = Products;
			sourceTree = "<group>";
		};
		04EB1F631F4185AF00067917 /* Swift_Media_Demo */ = {
			isa = PBXGroup;
			children = (
				04E270211F452DCC000615F7 /* resource */,
				04E7B81F1F44103A00A4FDDE /* widget */,
				04EB1F641F4185AF00067917 /* AppDelegate.swift */,
				04EB1F661F4185AF00067917 /* ViewController.swift */,
				04EB1F681F4185AF00067917 /* Main.storyboard */,
				04EB1F6B1F4185AF00067917 /* Assets.xcassets */,
				04EB1F6D1F4185AF00067917 /* LaunchScreen.storyboard */,
				04EB1F701F4185AF00067917 /* Info.plist */,
				04E7B8221F441A5E00A4FDDE /* CustomViewController.swift */,
			);
			path = Swift_Media_Demo;
			sourceTree = "<group>";
		};
		04EB1F781F4185AF00067917 /* Swift_Media_DemoTests */ = {
			isa = PBXGroup;
			children = (
				04EB1F791F4185AF00067917 /* Swift_Media_DemoTests.swift */,
				04EB1F7B1F4185AF00067917 /* Info.plist */,
			);
			path = Swift_Media_DemoTests;
			sourceTree = "<group>";
		};
		04EB1F831F4185AF00067917 /* Swift_Media_DemoUITests */ = {
			isa = PBXGroup;
			children = (
				04EB1F841F4185AF00067917 /* Swift_Media_DemoUITests.swift */,
				04EB1F861F4185AF00067917 /* Info.plist */,
			);
			path = Swift_Media_DemoUITests;
			sourceTree = "<group>";
		};
/* End PBXGroup section */

/* Begin PBXNativeTarget section */
		04EB1F601F4185AF00067917 /* Swift_Media_Demo */ = {
			isa = PBXNativeTarget;
			buildConfigurationList = 04EB1F891F4185AF00067917 /* Build configuration list for PBXNativeTarget "Swift_Media_Demo" */;
			buildPhases = (
				04EB1F5D1F4185AF00067917 /* Sources */,
				04EB1F5E1F4185AF00067917 /* Frameworks */,
				04EB1F5F1F4185AF00067917 /* Resources */,
			);
			buildRules = (
			);
			dependencies = (
			);
			name = Swift_Media_Demo;
			productName = Swift_Media_Demo;
			productReference = 04EB1F611F4185AF00067917 /* Swift_Media_Demo.app */;
			productType = "com.apple.product-type.application";
		};
		04EB1F741F4185AF00067917 /* Swift_Media_DemoTests */ = {
			isa = PBXNativeTarget;
			buildConfigurationList = 04EB1F8C1F4185AF00067917 /* Build configuration list for PBXNativeTarget "Swift_Media_DemoTests" */;
			buildPhases = (
				04EB1F711F4185AF00067917 /* Sources */,
				04EB1F721F4185AF00067917 /* Frameworks */,
				04EB1F731F4185AF00067917 /* Resources */,
			);
			buildRules = (
			);
			dependencies = (
				04EB1F771F4185AF00067917 /* PBXTargetDependency */,
			);
			name = Swift_Media_DemoTests;
			productName = Swift_Media_DemoTests;
			productReference = 04EB1F751F4185AF00067917 /* Swift_Media_DemoTests.xctest */;
			productType = "com.apple.product-type.bundle.unit-test";
		};
		04EB1F7F1F4185AF00067917 /* Swift_Media_DemoUITests */ = {
			isa = PBXNativeTarget;
			buildConfigurationList = 04EB1F8F1F4185AF00067917 /* Build configuration list for PBXNativeTarget "Swift_Media_DemoUITests" */;
			buildPhases = (
				04EB1F7C1F4185AF00067917 /* Sources */,
				04EB1F7D1F4185AF00067917 /* Frameworks */,
				04EB1F7E1F4185AF00067917 /* Resources */,
			);
			buildRules = (
			);
			dependencies = (
				04EB1F821F4185AF00067917 /* PBXTargetDependency */,
			);
			name = Swift_Media_DemoUITests;
			productName = Swift_Media_DemoUITests;
			productReference = 04EB1F801F4185AF00067917 /* Swift_Media_DemoUITests.xctest */;
			productType = "com.apple.product-type.bundle.ui-testing";
		};
/* End PBXNativeTarget section */

/* Begin PBXProject section */
		04EB1F591F4185AF00067917 /* Project object */ = {
			isa = PBXProject;
			attributes = {
				LastSwiftUpdateCheck = 0730;
				LastUpgradeCheck = 0730;
				ORGANIZATIONNAME = mac;
				TargetAttributes = {
					04EB1F601F4185AF00067917 = {
						CreatedOnToolsVersion = 7.3.1;
					};
					04EB1F741F4185AF00067917 = {
						CreatedOnToolsVersion = 7.3.1;
						TestTargetID = 04EB1F601F4185AF00067917;
					};
					04EB1F7F1F4185AF00067917 = {
						CreatedOnToolsVersion = 7.3.1;
						TestTargetID = 04EB1F601F4185AF00067917;
					};
				};
			};
			buildConfigurationList = 04EB1F5C1F4185AF00067917 /* Build configuration list for PBXProject "Swift_Media_Demo" */;
			compatibilityVersion = "Xcode 3.2";
			developmentRegion = English;
			hasScannedForEncodings = 0;
			knownRegions = (
				en,
				Base,
			);
			mainGroup = 04EB1F581F4185AF00067917;
			productRefGroup = 04EB1F621F4185AF00067917 /* Products */;
			projectDirPath = "";
			projectRoot = "";
			targets = (
				04EB1F601F4185AF00067917 /* Swift_Media_Demo */,
				04EB1F741F4185AF00067917 /* Swift_Media_DemoTests */,
				04EB1F7F1F4185AF00067917 /* Swift_Media_DemoUITests */,
			);
		};
/* End PBXProject section */

/* Begin PBXResourcesBuildPhase section */
		04EB1F5F1F4185AF00067917 /* Resources */ = {
			isa = PBXResourcesBuildPhase;
			buildActionMask = 2147483647;
			files = (
				04EB1F6F1F4185AF00067917 /* LaunchScreen.storyboard in Resources */,
				04E270231F452DE7000615F7 /* 12.使用AVPlayer定制播放视频控件_1.mp4 in Resources */,
				04EB1F6C1F4185AF00067917 /* Assets.xcassets in Resources */,
				04EB1F6A1F4185AF00067917 /* Main.storyboard in Resources */,
			);
			runOnlyForDeploymentPostprocessing = 0;
		};
		04EB1F731F4185AF00067917 /* Resources */ = {
			isa = PBXResourcesBuildPhase;
			buildActionMask = 2147483647;
			files = (
			);
			runOnlyForDeploymentPostprocessing = 0;
		};
		04EB1F7E1F4185AF00067917 /* Resources */ = {
			isa = PBXResourcesBuildPhase;
			buildActionMask = 2147483647;
			files = (
			);
			runOnlyForDeploymentPostprocessing = 0;
		};
/* End PBXResourcesBuildPhase section */

/* Begin PBXSourcesBuildPhase section */
		04EB1F5D1F4185AF00067917 /* Sources */ = {
			isa = PBXSourcesBuildPhase;
			buildActionMask = 2147483647;
			files = (
				04E7B8211F44106A00A4FDDE /* CustomPlayerView.swift in Sources */,
				04E7B8251F4435F000A4FDDE /* CALayerAnimExstension.swift in Sources */,
				04EB1F671F4185AF00067917 /* ViewController.swift in Sources */,
				04EB1F651F4185AF00067917 /* AppDelegate.swift in Sources */,
				04E7B8231F441A5E00A4FDDE /* CustomViewController.swift in Sources */,
			);
			runOnlyForDeploymentPostprocessing = 0;
		};
		04EB1F711F4185AF00067917 /* Sources */ = {
			isa = PBXSourcesBuildPhase;
			buildActionMask = 2147483647;
			files = (
				04EB1F7A1F4185AF00067917 /* Swift_Media_DemoTests.swift in Sources */,
			);
			runOnlyForDeploymentPostprocessing = 0;
		};
		04EB1F7C1F4185AF00067917 /* Sources */ = {
			isa = PBXSourcesBuildPhase;
			buildActionMask = 2147483647;
			files = (
				04EB1F851F4185AF00067917 /* Swift_Media_DemoUITests.swift in Sources */,
			);
			runOnlyForDeploymentPostprocessing = 0;
		};
/* End PBXSourcesBuildPhase section */

/* Begin PBXTargetDependency section */
		04EB1F771F4185AF00067917 /* PBXTargetDependency */ = {
			isa = PBXTargetDependency;
			target = 04EB1F601F4185AF00067917 /* Swift_Media_Demo */;
			targetProxy = 04EB1F761F4185AF00067917 /* PBXContainerItemProxy */;
		};
		04EB1F821F4185AF00067917 /* PBXTargetDependency */ = {
			isa = PBXTargetDependency;
			target = 04EB1F601F4185AF00067917 /* Swift_Media_Demo */;
			targetProxy = 04EB1F811F4185AF00067917 /* PBXContainerItemProxy */;
		};
/* End PBXTargetDependency section */

/* Begin PBXVariantGroup section */
		04EB1F681F4185AF00067917 /* Main.storyboard */ = {
			isa = PBXVariantGroup;
			children = (
				04EB1F691F4185AF00067917 /* Base */,
			);
			name = Main.storyboard;
			sourceTree = "<group>";
		};
		04EB1F6D1F4185AF00067917 /* LaunchScreen.storyboard */ = {
			isa = PBXVariantGroup;
			children = (
				04EB1F6E1F4185AF00067917 /* Base */,
			);
			name = LaunchScreen.storyboard;
			sourceTree = "<group>";
		};
/* End PBXVariantGroup section */

/* Begin XCBuildConfiguration section */
		04EB1F871F4185AF00067917 /* Debug */ = {
			isa = XCBuildConfiguration;
			buildSettings = {
				ALWAYS_SEARCH_USER_PATHS = NO;
				CLANG_ANALYZER_NONNULL = YES;
				CLANG_CXX_LANGUAGE_STANDARD = "gnu++0x";
				CLANG_CXX_LIBRARY = "libc++";
				CLANG_ENABLE_MODULES = YES;
				CLANG_ENABLE_OBJC_ARC = YES;
				CLANG_WARN_BOOL_CONVERSION = YES;
				CLANG_WARN_CONSTANT_CONVERSION = YES;
				CLANG_WARN_DIRECT_OBJC_ISA_USAGE = YES_ERROR;
				CLANG_WARN_EMPTY_BODY = YES;
				CLANG_WARN_ENUM_CONVERSION = YES;
				CLANG_WARN_INT_CONVERSION = YES;
				CLANG_WARN_OBJC_ROOT_CLASS = YES_ERROR;
				CLANG_WARN_UNREACHABLE_CODE = YES;
				CLANG_WARN__DUPLICATE_METHOD_MATCH = YES;
				"CODE_SIGN_IDENTITY[sdk=iphoneos*]" = "iPhone Developer";
				COPY_PHASE_STRIP = NO;
				DEBUG_INFORMATION_FORMAT = dwarf;
				ENABLE_STRICT_OBJC_MSGSEND = YES;
				ENABLE_TESTABILITY = YES;
				GCC_C_LANGUAGE_STANDARD = gnu99;
				GCC_DYNAMIC_NO_PIC = NO;
				GCC_NO_COMMON_BLOCKS = YES;
				GCC_OPTIMIZATION_LEVEL = 0;
				GCC_PREPROCESSOR_DEFINITIONS = (
					"DEBUG=1",
					"$(inherited)",
				);
				GCC_WARN_64_TO_32_BIT_CONVERSION = YES;
				GCC_WARN_ABOUT_RETURN_TYPE = YES_ERROR;
				GCC_WARN_UNDECLARED_SELECTOR = YES;
				GCC_WARN_UNINITIALIZED_AUTOS = YES_AGGRESSIVE;
				GCC_WARN_UNUSED_FUNCTION = YES;
				GCC_WARN_UNUSED_VARIABLE = YES;
				IPHONEOS_DEPLOYMENT_TARGET = 9.3;
				MTL_ENABLE_DEBUG_INFO = YES;
				ONLY_ACTIVE_ARCH = YES;
				SDKROOT = iphoneos;
				SWIFT_OPTIMIZATION_LEVEL = "-Onone";
			};
			name = Debug;
		};
		04EB1F881F4185AF00067917 /* Release */ = {
			isa = XCBuildConfiguration;
			buildSettings = {
				ALWAYS_SEARCH_USER_PATHS = NO;
				CLANG_ANALYZER_NONNULL = YES;
				CLANG_CXX_LANGUAGE_STANDARD = "gnu++0x";
				CLANG_CXX_LIBRARY = "libc++";
				CLANG_ENABLE_MODULES = YES;
				CLANG_ENABLE_OBJC_ARC = YES;
				CLANG_WARN_BOOL_CONVERSION = YES;
				CLANG_WARN_CONSTANT_CONVERSION = YES;
				CLANG_WARN_DIRECT_OBJC_ISA_USAGE = YES_ERROR;
				CLANG_WARN_EMPTY_BODY = YES;
				CLANG_WARN_ENUM_CONVERSION = YES;
				CLANG_WARN_INT_CONVERSION = YES;
				CLANG_WARN_OBJC_ROOT_CLASS = YES_ERROR;
				CLANG_WARN_UNREACHABLE_CODE = YES;
				CLANG_WARN__DUPLICATE_METHOD_MATCH = YES;
				"CODE_SIGN_IDENTITY[sdk=iphoneos*]" = "iPhone Developer";
				COPY_PHASE_STRIP = NO;
				DEBUG_INFORMATION_FORMAT = "dwarf-with-dsym";
				ENABLE_NS_ASSERTIONS = NO;
				ENABLE_STRICT_OBJC_MSGSEND = YES;
				GCC_C_LANGUAGE_STANDARD = gnu99;
				GCC_NO_COMMON_BLOCKS = YES;
				GCC_WARN_64_TO_32_BIT_CONVERSION = YES;
				GCC_WARN_ABOUT_RETURN_TYPE = YES_ERROR;
				GCC_WARN_UNDECLARED_SELECTOR = YES;
				GCC_WARN_UNINITIALIZED_AUTOS = YES_AGGRESSIVE;
				GCC_WARN_UNUSED_FUNCTION = YES;
				GCC_WARN_UNUSED_VARIABLE = YES;
				IPHONEOS_DEPLOYMENT_TARGET = 9.3;
				MTL_ENABLE_DEBUG_INFO = NO;
				SDKROOT = iphoneos;
				VALIDATE_PRODUCT = YES;
			};
			name = Release;
		};
		04EB1F8A1F4185AF00067917 /* Debug */ = {
			isa = XCBuildConfiguration;
			buildSettings = {
				ASSETCATALOG_COMPILER_APPICON_NAME = AppIcon;
				INFOPLIST_FILE = Swift_Media_Demo/Info.plist;
				LD_RUNPATH_SEARCH_PATHS = "$(inherited) @executable_path/Frameworks";
				PRODUCT_BUNDLE_IDENTIFIER = "com.modi.Swift-Media-Demo";
				PRODUCT_NAME = "$(TARGET_NAME)";
				SWIFT_VERSION = 2.3;
			};
			name = Debug;
		};
		04EB1F8B1F4185AF00067917 /* Release */ = {
			isa = XCBuildConfiguration;
			buildSettings = {
				ASSETCATALOG_COMPILER_APPICON_NAME = AppIcon;
				INFOPLIST_FILE = Swift_Media_Demo/Info.plist;
				LD_RUNPATH_SEARCH_PATHS = "$(inherited) @executable_path/Frameworks";
				PRODUCT_BUNDLE_IDENTIFIER = "com.modi.Swift-Media-Demo";
				PRODUCT_NAME = "$(TARGET_NAME)";
				SWIFT_VERSION = 2.3;
			};
			name = Release;
		};
		04EB1F8D1F4185AF00067917 /* Debug */ = {
			isa = XCBuildConfiguration;
			buildSettings = {
				BUNDLE_LOADER = "$(TEST_HOST)";
				INFOPLIST_FILE = Swift_Media_DemoTests/Info.plist;
				LD_RUNPATH_SEARCH_PATHS = "$(inherited) @executable_path/Frameworks @loader_path/Frameworks";
				PRODUCT_BUNDLE_IDENTIFIER = "com.modi.Swift-Media-DemoTests";
				PRODUCT_NAME = "$(TARGET_NAME)";
				TEST_HOST = "$(BUILT_PRODUCTS_DIR)/Swift_Media_Demo.app/Swift_Media_Demo";
			};
			name = Debug;
		};
		04EB1F8E1F4185AF00067917 /* Release */ = {
			isa = XCBuildConfiguration;
			buildSettings = {
				BUNDLE_LOADER = "$(TEST_HOST)";
				INFOPLIST_FILE = Swift_Media_DemoTests/Info.plist;
				LD_RUNPATH_SEARCH_PATHS = "$(inherited) @executable_path/Frameworks @loader_path/Frameworks";
				PRODUCT_BUNDLE_IDENTIFIER = "com.modi.Swift-Media-DemoTests";
				PRODUCT_NAME = "$(TARGET_NAME)";
				TEST_HOST = "$(BUILT_PRODUCTS_DIR)/Swift_Media_Demo.app/Swift_Media_Demo";
			};
			name = Release;
		};
		04EB1F901F4185AF00067917 /* Debug */ = {
			isa = XCBuildConfiguration;
			buildSettings = {
				INFOPLIST_FILE = Swift_Media_DemoUITests/Info.plist;
				LD_RUNPATH_SEARCH_PATHS = "$(inherited) @executable_path/Frameworks @loader_path/Frameworks";
				PRODUCT_BUNDLE_IDENTIFIER = "com.modi.Swift-Media-DemoUITests";
				PRODUCT_NAME = "$(TARGET_NAME)";
				TEST_TARGET_NAME = Swift_Media_Demo;
			};
			name = Debug;
		};
		04EB1F911F4185AF00067917 /* Release */ = {
			isa = XCBuildConfiguration;
			buildSettings = {
				INFOPLIST_FILE = Swift_Media_DemoUITests/Info.plist;
				LD_RUNPATH_SEARCH_PATHS = "$(inherited) @executable_path/Frameworks @loader_path/Frameworks";
				PRODUCT_BUNDLE_IDENTIFIER = "com.modi.Swift-Media-DemoUITests";
				PRODUCT_NAME = "$(TARGET_NAME)";
				TEST_TARGET_NAME = Swift_Media_Demo;
			};
			name = Release;
		};
/* End XCBuildConfiguration section */

/* Begin XCConfigurationList section */
		04EB1F5C1F4185AF00067917 /* Build configuration list for PBXProject "Swift_Media_Demo" */ = {
			isa = XCConfigurationList;
			buildConfigurations = (
				04EB1F871F4185AF00067917 /* Debug */,
				04EB1F881F4185AF00067917 /* Release */,
			);
			defaultConfigurationIsVisible = 0;
			defaultConfigurationName = Release;
		};
		04EB1F891F4185AF00067917 /* Build configuration list for PBXNativeTarget "Swift_Media_Demo" */ = {
			isa = XCConfigurationList;
			buildConfigurations = (
				04EB1F8A1F4185AF00067917 /* Debug */,
				04EB1F8B1F4185AF00067917 /* Release */,
			);
			defaultConfigurationIsVisible = 0;
			defaultConfigurationName = Release;
		};
		04EB1F8C1F4185AF00067917 /* Build configuration list for PBXNativeTarget "Swift_Media_DemoTests" */ = {
			isa = XCConfigurationList;
			buildConfigurations = (
				04EB1F8D1F4185AF00067917 /* Debug */,
				04EB1F8E1F4185AF00067917 /* Release */,
			);
			defaultConfigurationIsVisible = 0;
			defaultConfigurationName = Release;
		};
		04EB1F8F1F4185AF00067917 /* Build configuration list for PBXNativeTarget "Swift_Media_DemoUITests" */ = {
			isa = XCConfigurationList;
			buildConfigurations = (
				04EB1F901F4185AF00067917 /* Debug */,
				04EB1F911F4185AF00067917 /* Release */,
			);
			defaultConfigurationIsVisible = 0;
			defaultConfigurationName = Release;
		};
/* End XCConfigurationList section */
	};
	rootObject = 04EB1F591F4185AF00067917 /* Project object */;
}
